
Microsoft Visual Studio Solution File, Format Version 12.00
# Visual Studio Version 16
VisualStudioVersion = 16.0.31729.503
MinimumVisualStudioVersion = 10.0.40219.1
Project("{9A19103F-16F7-4668-BE54-9A1E7A4F7556}") = "KeyPost", "KeyPost.csproj", "{2B106A1C-06B6-4096-A5DD-0B00AACBF2E5}"
EndProject
Global
	GlobalSection(SolutionConfigurationPlatforms) = preSolution
		Debug|Any CPU = Debug|Any CPU
		Release|Any CPU = Release|Any CPU
	EndGlobalSection
	GlobalSection(ProjectConfigurationPlatforms) = postSolution
		{2B106A1C-06B6-4096-A5DD-0B00AACBF2E5}.Debug|Any CPU.ActiveCfg = Debug|Any CPU
		{2B106A1C-06B6-4096-A5DD-0B00AACBF2E5}.Debug|Any CPU.Build.0 = Debug|Any CPU
		{2B106A1C-06B6-4096-A5DD-0B00AACBF2E5}.Release|Any CPU.ActiveCfg = Release|Any CPU
		{2B106A1C-06B6-4096-A5DD-0B00AACBF2E5}.Release|Any CPU.Build.0 = Release|Any CPU
	EndGlobalSection
	GlobalSection(SolutionProperties) = preSolution
		HideSolutionNode = FALSE
	EndGlobalSection
	GlobalSection(ExtensibilityGlobals) = postSolution
		SolutionGuid = {4DC95FD4-7C30-422C-81F6-552656566B46}
	EndGlobalSection
EndGlobal
